
Microsoft Visual Studio Solution File, Format Version 12.00
# Visual Studio Version 16
VisualStudioVersion = 16.0.28803.202
MinimumVisualStudioVersion = 10.0.40219.1
Project("{FAE04EC0-301F-11D3-BF4B-00C04F79EFBC}") = "ConsoleApp1", "ConsoleApp1\ConsoleApp1.csproj", "{71CE0CD6-C8E7-435E-AE5E-8B63E7DCE170}"
EndProject
Project("{2150E333-8FDC-42A3-9474-1A3956D46DE8}") = "Solution Items", "Solution Items", "{CA145231-B367-47D4-BB9F-44809DE37370}"
	ProjectSection(SolutionItems) = preProject
		Class1.cs = Class1.cs
	EndProjectSection
EndProject
Global
	GlobalSection(SolutionConfigurationPlatforms) = preSolution
		Debug|Any CPU = Debug|Any CPU
		Release|Any CPU = Release|Any CPU
	EndGlobalSection
	GlobalSection(ProjectConfigurationPlatforms) = postSolution
		{71CE0CD6-C8E7-435E-AE5E-8B63E7DCE170}.Debug|Any CPU.ActiveCfg = Debug|Any CPU
		{71CE0CD6-C8E7-435E-AE5E-8B63E7DCE170}.Debug|Any CPU.Build.0 = Debug|Any CPU
		{71CE0CD6-C8E7-435E-AE5E-8B63E7DCE170}.Release|Any CPU.ActiveCfg = Release|Any CPU
		{71CE0CD6-C8E7-435E-AE5E-8B63E7DCE170}.Release|Any CPU.Build.0 = Release|Any CPU
	EndGlobalSection
	GlobalSection(SolutionProperties) = preSolution
		HideSolutionNode = FALSE
	EndGlobalSection
	GlobalSection(ExtensibilityGlobals) = postSolution
		SolutionGuid = {7DB9DC7E-01CC-4456-9CFA-B22C2C1EE165}
	EndGlobalSection
EndGlobal
